
Microsoft Visual Studio Solution File, Format Version 12.00
# Visual Studio Version 16
VisualStudioVersion = 16.0.30711.63
MinimumVisualStudioVersion = 10.0.40219.1
Project("{9A19103F-16F7-4668-BE54-9A1E7A4F7556}") = "OpenNasa.Apod.Server", "src\Server\OpenNasa.Apod.Server.csproj", "{C3FA60B0-DB3B-4E71-9A68-50BF36A4FA0F}"
EndProject
Project("{9A19103F-16F7-4668-BE54-9A1E7A4F7556}") = "OpenNasa.Apod.Client", "src\Client\OpenNasa.Apod.Client.csproj", "{D4420EAE-488D-412F-9576-9753B02F8394}"
EndProject
Project("{9A19103F-16F7-4668-BE54-9A1E7A4F7556}") = "OpenNasa.Apod.Shared", "src\Shared\OpenNasa.Apod.Shared.csproj", "{D7261D17-C790-41EB-8204-7958EBA96A25}"
EndProject
Project("{2150E333-8FDC-42A3-9474-1A3956D46DE8}") = "src", "src", "{158043C3-82A0-47E6-8F43-C2F5B6FBF65C}"
EndProject
Global
	GlobalSection(SolutionConfigurationPlatforms) = preSolution
		Debug|Any CPU = Debug|Any CPU
		Release|Any CPU = Release|Any CPU
	EndGlobalSection
	GlobalSection(ProjectConfigurationPlatforms) = postSolution
		{C3FA60B0-DB3B-4E71-9A68-50BF36A4FA0F}.Debug|Any CPU.ActiveCfg = Debug|Any CPU
		{C3FA60B0-DB3B-4E71-9A68-50BF36A4FA0F}.Debug|Any CPU.Build.0 = Debug|Any CPU
		{C3FA60B0-DB3B-4E71-9A68-50BF36A4FA0F}.Release|Any CPU.ActiveCfg = Release|Any CPU
		{C3FA60B0-DB3B-4E71-9A68-50BF36A4FA0F}.Release|Any CPU.Build.0 = Release|Any CPU
		{D4420EAE-488D-412F-9576-9753B02F8394}.Debug|Any CPU.ActiveCfg = Debug|Any CPU
		{D4420EAE-488D-412F-9576-9753B02F8394}.Debug|Any CPU.Build.0 = Debug|Any CPU
		{D4420EAE-488D-412F-9576-9753B02F8394}.Release|Any CPU.ActiveCfg = Release|Any CPU
		{D4420EAE-488D-412F-9576-9753B02F8394}.Release|Any CPU.Build.0 = Release|Any CPU
		{D7261D17-C790-41EB-8204-7958EBA96A25}.Debug|Any CPU.ActiveCfg = Debug|Any CPU
		{D7261D17-C790-41EB-8204-7958EBA96A25}.Debug|Any CPU.Build.0 = Debug|Any CPU
		{D7261D17-C790-41EB-8204-7958EBA96A25}.Release|Any CPU.ActiveCfg = Release|Any CPU
		{D7261D17-C790-41EB-8204-7958EBA96A25}.Release|Any CPU.Build.0 = Release|Any CPU
	EndGlobalSection
	GlobalSection(SolutionProperties) = preSolution
		HideSolutionNode = FALSE
	EndGlobalSection
	GlobalSection(NestedProjects) = preSolution
		{C3FA60B0-DB3B-4E71-9A68-50BF36A4FA0F} = {158043C3-82A0-47E6-8F43-C2F5B6FBF65C}
		{D4420EAE-488D-412F-9576-9753B02F8394} = {158043C3-82A0-47E6-8F43-C2F5B6FBF65C}
		{D7261D17-C790-41EB-8204-7958EBA96A25} = {158043C3-82A0-47E6-8F43-C2F5B6FBF65C}
	EndGlobalSection
	GlobalSection(ExtensibilityGlobals) = postSolution
		SolutionGuid = {92F90787-9629-468C-BE11-731CC23A8FCF}
	EndGlobalSection
EndGlobal
